
Microsoft Visual Studio Solution File, Format Version 12.00
# Visual Studio Version 17
VisualStudioVersion = 17.7.34221.43
MinimumVisualStudioVersion = 10.0.40219.1
Project("{FAE04EC0-301F-11D3-BF4B-00C04F79EFBC}") = "Labirinto", "Labirinto\Labirinto.csproj", "{285404C1-427B-4479-9CBF-3A72BB48DD3B}"
EndProject
Global
	GlobalSection(SolutionConfigurationPlatforms) = preSolution
		Debug|Any CPU = Debug|Any CPU
		Release|Any CPU = Release|Any CPU
	EndGlobalSection
	GlobalSection(ProjectConfigurationPlatforms) = postSolution
		{285404C1-427B-4479-9CBF-3A72BB48DD3B}.Debug|Any CPU.ActiveCfg = Debug|Any CPU
		{285404C1-427B-4479-9CBF-3A72BB48DD3B}.Debug|Any CPU.Build.0 = Debug|Any CPU
		{285404C1-427B-4479-9CBF-3A72BB48DD3B}.Release|Any CPU.ActiveCfg = Release|Any CPU
		{285404C1-427B-4479-9CBF-3A72BB48DD3B}.Release|Any CPU.Build.0 = Release|Any CPU
	EndGlobalSection
	GlobalSection(SolutionProperties) = preSolution
		HideSolutionNode = FALSE
	EndGlobalSection
	GlobalSection(ExtensibilityGlobals) = postSolution
		SolutionGuid = {15868F31-E4EF-4046-844A-880358BEE80E}
	EndGlobalSection
EndGlobal
